// !$*UTF8*$!
{
	archiveVersion = 1;
	classes = {
	};
	objectVersion = 46;
	objects = {

/* Begin PBXBuildFile section */
		4B4A1D021E3067EA00E4EF3B /* AppDelegate.swift in Sources */ = {isa = PBXBuildFile; fileRef = 4B4A1D011E3067EA00E4EF3B /* AppDelegate.swift */; };
		4B4A1D091E3067EA00E4EF3B /* Assets.xcassets in Resources */ = {isa = PBXBuildFile; fileRef = 4B4A1D081E3067EA00E4EF3B /* Assets.xcassets */; };
		4B4A1D0C1E3067EA00E4EF3B /* LaunchScreen.storyboard in Resources */ = {isa = PBXBuildFile; fileRef = 4B4A1D0A1E3067EA00E4EF3B /* LaunchScreen.storyboard */; };
		4B4A1D141E3075C100E4EF3B /* NetClient.swift in Sources */ = {isa = PBXBuildFile; fileRef = 4B4A1D131E3075C100E4EF3B /* NetClient.swift */; };
		4B4A1D161E3091BA00E4EF3B /* TopicListViewController.swift in Sources */ = {isa = PBXBuildFile; fileRef = 4B4A1D151E3091BA00E4EF3B /* TopicListViewController.swift */; };
		4B4A1D181E3091DF00E4EF3B /* TopicListViewModel.swift in Sources */ = {isa = PBXBuildFile; fileRef = 4B4A1D171E3091DF00E4EF3B /* TopicListViewModel.swift */; };
		4B4A1D1A1E30933100E4EF3B /* TopicModel.swift in Sources */ = {isa = PBXBuildFile; fileRef = 4B4A1D191E30933100E4EF3B /* TopicModel.swift */; };
		4B4A1D1C1E309E9300E4EF3B /* TopicApi.swift in Sources */ = {isa = PBXBuildFile; fileRef = 4B4A1D1B1E309E9300E4EF3B /* TopicApi.swift */; };
		4B4A1D1E1E30A0F400E4EF3B /* Array+Mapper.swift in Sources */ = {isa = PBXBuildFile; fileRef = 4B4A1D1D1E30A0F400E4EF3B /* Array+Mapper.swift */; };
		FEF1275341825119D76CF15F /* Pods_RxTableviewDemo.framework in Frameworks */ = {isa = PBXBuildFile; fileRef = E6C83717690F216F3F5A6796 /* Pods_RxTableviewDemo.framework */; };
/* End PBXBuildFile section */

/* Begin PBXFileReference section */
		4B4A1CFE1E3067EA00E4EF3B /* RxTableviewDemo.app */ = {isa = PBXFileReference; explicitFileType = wrapper.application; includeInIndex = 0; path = RxTableviewDemo.app; sourceTree = BUILT_PRODUCTS_DIR; };
		4B4A1D011E3067EA00E4EF3B /* AppDelegate.swift */ = {isa = PBXFileReference; lastKnownFileType = sourcecode.swift; path = AppDelegate.swift; sourceTree = "<group>"; };
		4B4A1D081E3067EA00E4EF3B /* Assets.xcassets */ = {isa = PBXFileReference; lastKnownFileType = folder.assetcatalog; path = Assets.xcassets; sourceTree = "<group>"; };
		4B4A1D0B1E3067EA00E4EF3B /* Base */ = {isa = PBXFileReference; lastKnownFileType = file.storyboard; name = Base; path = Base.lproj/LaunchScreen.storyboard; sourceTree = "<group>"; };
		4B4A1D0D1E3067EA00E4EF3B /* Info.plist */ = {isa = PBXFileReference; lastKnownFileType = text.plist.xml; path = Info.plist; sourceTree = "<group>"; };
		4B4A1D131E3075C100E4EF3B /* NetClient.swift */ = {isa = PBXFileReference; fileEncoding = 4; lastKnownFileType = sourcecode.swift; path = NetClient.swift; sourceTree = "<group>"; };
		4B4A1D151E3091BA00E4EF3B /* TopicListViewController.swift */ = {isa = PBXFileReference; fileEncoding = 4; lastKnownFileType = sourcecode.swift; path = TopicListViewController.swift; sourceTree = "<group>"; };
		4B4A1D171E3091DF00E4EF3B /* TopicListViewModel.swift */ = {isa = PBXFileReference; fileEncoding = 4; lastKnownFileType = sourcecode.swift; path = TopicListViewModel.swift; sourceTree = "<group>"; };
		4B4A1D191E30933100E4EF3B /* TopicModel.swift */ = {isa = PBXFileReference; fileEncoding = 4; lastKnownFileType = sourcecode.swift; path = TopicModel.swift; sourceTree = "<group>"; };
		4B4A1D1B1E309E9300E4EF3B /* TopicApi.swift */ = {isa = PBXFileReference; fileEncoding = 4; lastKnownFileType = sourcecode.swift; path = TopicApi.swift; sourceTree = "<group>"; };
		4B4A1D1D1E30A0F400E4EF3B /* Array+Mapper.swift */ = {isa = PBXFileReference; fileEncoding = 4; lastKnownFileType = sourcecode.swift; path = "Array+Mapper.swift"; sourceTree = "<group>"; };
		E673372C9E73EEDC24C89E82 /* Pods-RxTableviewDemo.release.xcconfig */ = {isa = PBXFileReference; includeInIndex = 1; lastKnownFileType = text.xcconfig; name = "Pods-RxTableviewDemo.release.xcconfig"; path = "Pods/Target Support Files/Pods-RxTableviewDemo/Pods-RxTableviewDemo.release.xcconfig"; sourceTree = "<group>"; };
		E6C83717690F216F3F5A6796 /* Pods_RxTableviewDemo.framework */ = {isa = PBXFileReference; explicitFileType = wrapper.framework; includeInIndex = 0; path = Pods_RxTableviewDemo.framework; sourceTree = BUILT_PRODUCTS_DIR; };
		E7E839876AB6C43E9A162AD8 /* Pods-RxTableviewDemo.debug.xcconfig */ = {isa = PBXFileReference; includeInIndex = 1; lastKnownFileType = text.xcconfig; name = "Pods-RxTableviewDemo.debug.xcconfig"; path = "Pods/Target Support Files/Pods-RxTableviewDemo/Pods-RxTableviewDemo.debug.xcconfig"; sourceTree = "<group>"; };
/* End PBXFileReference section */

/* Begin PBXFrameworksBuildPhase section */
		4B4A1CFB1E3067EA00E4EF3B /* Frameworks */ = {
			isa = PBXFrameworksBuildPhase;
			buildActionMask = 2147483647;
			files = (
				FEF1275341825119D76CF15F /* Pods_RxTableviewDemo.framework in Frameworks */,
			);
			runOnlyForDeploymentPostprocessing = 0;
		};
/* End PBXFrameworksBuildPhase section */

/* Begin PBXGroup section */
		4B4A1CF51E3067EA00E4EF3B = {
			isa = PBXGroup;
			children = (
				4B4A1D001E3067EA00E4EF3B /* RxTableviewDemo */,
				4B4A1CFF1E3067EA00E4EF3B /* Products */,
				D03F145362D4466F343557A2 /* Pods */,
				6FBC71DFB4756692AAF1256A /* Frameworks */,
			);
			sourceTree = "<group>";
		};
		4B4A1CFF1E3067EA00E4EF3B /* Products */ = {
			isa = PBXGroup;
			children = (
				4B4A1CFE1E3067EA00E4EF3B /* RxTableviewDemo.app */,
			);
			name = Products;
			sourceTree = "<group>";
		};
		4B4A1D001E3067EA00E4EF3B /* RxTableviewDemo */ = {
			isa = PBXGroup;
			children = (
				4B4A1D011E3067EA00E4EF3B /* AppDelegate.swift */,
				4B4A1D151E3091BA00E4EF3B /* TopicListViewController.swift */,
				4B4A1D171E3091DF00E4EF3B /* TopicListViewModel.swift */,
				4B4A1D191E30933100E4EF3B /* TopicModel.swift */,
				4B4A1D1B1E309E9300E4EF3B /* TopicApi.swift */,
				4B4A1D131E3075C100E4EF3B /* NetClient.swift */,
				4B4A1D1D1E30A0F400E4EF3B /* Array+Mapper.swift */,
				4B4A1D081E3067EA00E4EF3B /* Assets.xcassets */,
				4B4A1D0A1E3067EA00E4EF3B /* LaunchScreen.storyboard */,
				4B4A1D0D1E3067EA00E4EF3B /* Info.plist */,
			);
			path = RxTableviewDemo;
			sourceTree = "<group>";
		};
		6FBC71DFB4756692AAF1256A /* Frameworks */ = {
			isa = PBXGroup;
			children = (
				E6C83717690F216F3F5A6796 /* Pods_RxTableviewDemo.framework */,
			);
			name = Frameworks;
			sourceTree = "<group>";
		};
		D03F145362D4466F343557A2 /* Pods */ = {
			isa = PBXGroup;
			children = (
				E7E839876AB6C43E9A162AD8 /* Pods-RxTableviewDemo.debug.xcconfig */,
				E673372C9E73EEDC24C89E82 /* Pods-RxTableviewDemo.release.xcconfig */,
			);
			name = Pods;
			sourceTree = "<group>";
		};
/* End PBXGroup section */

/* Begin PBXNativeTarget section */
		4B4A1CFD1E3067EA00E4EF3B /* RxTableviewDemo */ = {
			isa = PBXNativeTarget;
			buildConfigurationList = 4B4A1D101E3067EA00E4EF3B /* Build configuration list for PBXNativeTarget "RxTableviewDemo" */;
			buildPhases = (
				A30F7ED2C15716F05A8E815C /* [CP] Check Pods Manifest.lock */,
				4B4A1CFA1E3067EA00E4EF3B /* Sources */,
				4B4A1CFB1E3067EA00E4EF3B /* Frameworks */,
				4B4A1CFC1E3067EA00E4EF3B /* Resources */,
				1CBFCB5096DBCBF70D870AEB /* [CP] Embed Pods Frameworks */,
				18EB5B741617FE796C3FFDBD /* [CP] Copy Pods Resources */,
			);
			buildRules = (
			);
			dependencies = (
			);
			name = RxTableviewDemo;
			productName = RxTableviewDemo;
			productReference = 4B4A1CFE1E3067EA00E4EF3B /* RxTableviewDemo.app */;
			productType = "com.apple.product-type.application";
		};
/* End PBXNativeTarget section */

/* Begin PBXProject section */
		4B4A1CF61E3067EA00E4EF3B /* Project object */ = {
			isa = PBXProject;
			attributes = {
				LastSwiftUpdateCheck = 0820;
				LastUpgradeCheck = 0820;
				ORGANIZATIONNAME = "郭锐";
				TargetAttributes = {
					4B4A1CFD1E3067EA00E4EF3B = {
						CreatedOnToolsVersion = 8.2.1;
						DevelopmentTeam = J72447MAW3;
						ProvisioningStyle = Automatic;
					};
				};
			};
			buildConfigurationList = 4B4A1CF91E3067EA00E4EF3B /* Build configuration list for PBXProject "RxTableviewDemo" */;
			compatibilityVersion = "Xcode 3.2";
			developmentRegion = English;
			hasScannedForEncodings = 0;
			knownRegions = (
				en,
				Base,
			);
			mainGroup = 4B4A1CF51E3067EA00E4EF3B;
			productRefGroup = 4B4A1CFF1E3067EA00E4EF3B /* Products */;
			projectDirPath = "";
			projectRoot = "";
			targets = (
				4B4A1CFD1E3067EA00E4EF3B /* RxTableviewDemo */,
			);
		};
/* End PBXProject section */

/* Begin PBXResourcesBuildPhase section */
		4B4A1CFC1E3067EA00E4EF3B /* Resources */ = {
			isa = PBXResourcesBuildPhase;
			buildActionMask = 2147483647;
			files = (
				4B4A1D0C1E3067EA00E4EF3B /* LaunchScreen.storyboard in Resources */,
				4B4A1D091E3067EA00E4EF3B /* Assets.xcassets in Resources */,
			);
			runOnlyForDeploymentPostprocessing = 0;
		};
/* End PBXResourcesBuildPhase section */

/* Begin PBXShellScriptBuildPhase section */
		18EB5B741617FE796C3FFDBD /* [CP] Copy Pods Resources */ = {
			isa = PBXShellScriptBuildPhase;
			buildActionMask = 2147483647;
			files = (
			);
			inputPaths = (
			);
			name = "[CP] Copy Pods Resources";
			outputPaths = (
			);
			runOnlyForDeploymentPostprocessing = 0;
			shellPath = /bin/sh;
			shellScript = "\"${SRCROOT}/Pods/Target Support Files/Pods-RxTableviewDemo/Pods-RxTableviewDemo-resources.sh\"\n";
			showEnvVarsInLog = 0;
		};
		1CBFCB5096DBCBF70D870AEB /* [CP] Embed Pods Frameworks */ = {
			isa = PBXShellScriptBuildPhase;
			buildActionMask = 2147483647;
			files = (
			);
			inputPaths = (
			);
			name = "[CP] Embed Pods Frameworks";
			outputPaths = (
			);
			runOnlyForDeploymentPostprocessing = 0;
			shellPath = /bin/sh;
			shellScript = "\"${SRCROOT}/Pods/Target Support Files/Pods-RxTableviewDemo/Pods-RxTableviewDemo-frameworks.sh\"\n";
			showEnvVarsInLog = 0;
		};
		A30F7ED2C15716F05A8E815C /* [CP] Check Pods Manifest.lock */ = {
			isa = PBXShellScriptBuildPhase;
			buildActionMask = 2147483647;
			files = (
			);
			inputPaths = (
			);
			name = "[CP] Check Pods Manifest.lock";
			outputPaths = (
			);
			runOnlyForDeploymentPostprocessing = 0;
			shellPath = /bin/sh;
			shellScript = "diff \"${PODS_ROOT}/../Podfile.lock\" \"${PODS_ROOT}/Manifest.lock\" > /dev/null\nif [ $? != 0 ] ; then\n    # print error to STDERR\n    echo \"error: The sandbox is not in sync with the Podfile.lock. Run 'pod install' or update your CocoaPods installation.\" >&2\n    exit 1\nfi\n";
			showEnvVarsInLog = 0;
		};
/* End PBXShellScriptBuildPhase section */

/* Begin PBXSourcesBuildPhase section */
		4B4A1CFA1E3067EA00E4EF3B /* Sources */ = {
			isa = PBXSourcesBuildPhase;
			buildActionMask = 2147483647;
			files = (
				4B4A1D1E1E30A0F400E4EF3B /* Array+Mapper.swift in Sources */,
				4B4A1D1A1E30933100E4EF3B /* TopicModel.swift in Sources */,
				4B4A1D141E3075C100E4EF3B /* NetClient.swift in Sources */,
				4B4A1D1C1E309E9300E4EF3B /* TopicApi.swift in Sources */,
				4B4A1D021E3067EA00E4EF3B /* AppDelegate.swift in Sources */,
				4B4A1D181E3091DF00E4EF3B /* TopicListViewModel.swift in Sources */,
				4B4A1D161E3091BA00E4EF3B /* TopicListViewController.swift in Sources */,
			);
			runOnlyForDeploymentPostprocessing = 0;
		};
/* End PBXSourcesBuildPhase section */

/* Begin PBXVariantGroup section */
		4B4A1D0A1E3067EA00E4EF3B /* LaunchScreen.storyboard */ = {
			isa = PBXVariantGroup;
			children = (
				4B4A1D0B1E3067EA00E4EF3B /* Base */,
			);
			name = LaunchScreen.storyboard;
			sourceTree = "<group>";
		};
/* End PBXVariantGroup section */

/* Begin XCBuildConfiguration section */
		4B4A1D0E1E3067EA00E4EF3B /* Debug */ = {
			isa = XCBuildConfiguration;
			buildSettings = {
				ALWAYS_SEARCH_USER_PATHS = NO;
				CLANG_ANALYZER_NONNULL = YES;
				CLANG_CXX_LANGUAGE_STANDARD = "gnu++0x";
				CLANG_CXX_LIBRARY = "libc++";
				CLANG_ENABLE_MODULES = YES;
				CLANG_ENABLE_OBJC_ARC = YES;
				CLANG_WARN_BOOL_CONVERSION = YES;
				CLANG_WARN_CONSTANT_CONVERSION = YES;
				CLANG_WARN_DIRECT_OBJC_ISA_USAGE = YES_ERROR;
				CLANG_WARN_DOCUMENTATION_COMMENTS = YES;
				CLANG_WARN_EMPTY_BODY = YES;
				CLANG_WARN_ENUM_CONVERSION = YES;
				CLANG_WARN_INFINITE_RECURSION = YES;
				CLANG_WARN_INT_CONVERSION = YES;
				CLANG_WARN_OBJC_ROOT_CLASS = YES_ERROR;
				CLANG_WARN_SUSPICIOUS_MOVE = YES;
				CLANG_WARN_UNREACHABLE_CODE = YES;
				CLANG_WARN__DUPLICATE_METHOD_MATCH = YES;
				"CODE_SIGN_IDENTITY[sdk=iphoneos*]" = "iPhone Developer";
				COPY_PHASE_STRIP = NO;
				DEBUG_INFORMATION_FORMAT = dwarf;
				ENABLE_STRICT_OBJC_MSGSEND = YES;
				ENABLE_TESTABILITY = YES;
				GCC_C_LANGUAGE_STANDARD = gnu99;
				GCC_DYNAMIC_NO_PIC = NO;
				GCC_NO_COMMON_BLOCKS = YES;
				GCC_OPTIMIZATION_LEVEL = 0;
				GCC_PREPROCESSOR_DEFINITIONS = (
					"DEBUG=1",
					"$(inherited)",
				);
				GCC_WARN_64_TO_32_BIT_CONVERSION = YES;
				GCC_WARN_ABOUT_RETURN_TYPE = YES_ERROR;
				GCC_WARN_UNDECLARED_SELECTOR = YES;
				GCC_WARN_UNINITIALIZED_AUTOS = YES_AGGRESSIVE;
				GCC_WARN_UNUSED_FUNCTION = YES;
				GCC_WARN_UNUSED_VARIABLE = YES;
				IPHONEOS_DEPLOYMENT_TARGET = 10.2;
				MTL_ENABLE_DEBUG_INFO = YES;
				ONLY_ACTIVE_ARCH = YES;
				SDKROOT = iphoneos;
				SWIFT_ACTIVE_COMPILATION_CONDITIONS = DEBUG;
				SWIFT_OPTIMIZATION_LEVEL = "-Onone";
				TARGETED_DEVICE_FAMILY = "1,2";
			};
			name = Debug;
		};
		4B4A1D0F1E3067EA00E4EF3B /* Release */ = {
			isa = XCBuildConfiguration;
			buildSettings = {
				ALWAYS_SEARCH_USER_PATHS = NO;
				CLANG_ANALYZER_NONNULL = YES;
				CLANG_CXX_LANGUAGE_STANDARD = "gnu++0x";
				CLANG_CXX_LIBRARY = "libc++";
				CLANG_ENABLE_MODULES = YES;
				CLANG_ENABLE_OBJC_ARC = YES;
				CLANG_WARN_BOOL_CONVERSION = YES;
				CLANG_WARN_CONSTANT_CONVERSION = YES;
				CLANG_WARN_DIRECT_OBJC_ISA_USAGE = YES_ERROR;
				CLANG_WARN_DOCUMENTATION_COMMENTS = YES;
				CLANG_WARN_EMPTY_BODY = YES;
				CLANG_WARN_ENUM_CONVERSION = YES;
				CLANG_WARN_INFINITE_RECURSION = YES;
				CLANG_WARN_INT_CONVERSION = YES;
				CLANG_WARN_OBJC_ROOT_CLASS = YES_ERROR;
				CLANG_WARN_SUSPICIOUS_MOVE = YES;
				CLANG_WARN_UNREACHABLE_CODE = YES;
				CLANG_WARN__DUPLICATE_METHOD_MATCH = YES;
				"CODE_SIGN_IDENTITY[sdk=iphoneos*]" = "iPhone Developer";
				COPY_PHASE_STRIP = NO;
				DEBUG_INFORMATION_FORMAT = "dwarf-with-dsym";
				ENABLE_NS_ASSERTIONS = NO;
				ENABLE_STRICT_OBJC_MSGSEND = YES;
				GCC_C_LANGUAGE_STANDARD = gnu99;
				GCC_NO_COMMON_BLOCKS = YES;
				GCC_WARN_64_TO_32_BIT_CONVERSION = YES;
				GCC_WARN_ABOUT_RETURN_TYPE = YES_ERROR;
				GCC_WARN_UNDECLARED_SELECTOR = YES;
				GCC_WARN_UNINITIALIZED_AUTOS = YES_AGGRESSIVE;
				GCC_WARN_UNUSED_FUNCTION = YES;
				GCC_WARN_UNUSED_VARIABLE = YES;
				IPHONEOS_DEPLOYMENT_TARGET = 10.2;
				MTL_ENABLE_DEBUG_INFO = NO;
				SDKROOT = iphoneos;
				SWIFT_OPTIMIZATION_LEVEL = "-Owholemodule";
				TARGETED_DEVICE_FAMILY = "1,2";
				VALIDATE_PRODUCT = YES;
			};
			name = Release;
		};
		4B4A1D111E3067EA00E4EF3B /* Debug */ = {
			isa = XCBuildConfiguration;
			baseConfigurationReference = E7E839876AB6C43E9A162AD8 /* Pods-RxTableviewDemo.debug.xcconfig */;
			buildSettings = {
				ASSETCATALOG_COMPILER_APPICON_NAME = AppIcon;
				DEVELOPMENT_TEAM = J72447MAW3;
				INFOPLIST_FILE = RxTableviewDemo/Info.plist;
				IPHONEOS_DEPLOYMENT_TARGET = 8.0;
				LD_RUNPATH_SEARCH_PATHS = "$(inherited) @executable_path/Frameworks";
				PRODUCT_BUNDLE_IDENTIFIER = com.garry.RxTableviewDemo;
				PRODUCT_NAME = "$(TARGET_NAME)";
				SWIFT_VERSION = 3.0;
			};
			name = Debug;
		};
		4B4A1D121E3067EA00E4EF3B /* Release */ = {
			isa = XCBuildConfiguration;
			baseConfigurationReference = E673372C9E73EEDC24C89E82 /* Pods-RxTableviewDemo.release.xcconfig */;
			buildSettings = {
				ASSETCATALOG_COMPILER_APPICON_NAME = AppIcon;
				DEVELOPMENT_TEAM = J72447MAW3;
				INFOPLIST_FILE = RxTableviewDemo/Info.plist;
				IPHONEOS_DEPLOYMENT_TARGET = 8.0;
				LD_RUNPATH_SEARCH_PATHS = "$(inherited) @executable_path/Frameworks";
				PRODUCT_BUNDLE_IDENTIFIER = com.garry.RxTableviewDemo;
				PRODUCT_NAME = "$(TARGET_NAME)";
				SWIFT_VERSION = 3.0;
			};
			name = Release;
		};
/* End XCBuildConfiguration section */

/* Begin XCConfigurationList section */
		4B4A1CF91E3067EA00E4EF3B /* Build configuration list for PBXProject "RxTableviewDemo" */ = {
			isa = XCConfigurationList;
			buildConfigurations = (
				4B4A1D0E1E3067EA00E4EF3B /* Debug */,
				4B4A1D0F1E3067EA00E4EF3B /* Release */,
			);
			defaultConfigurationIsVisible = 0;
			defaultConfigurationName = Release;
		};
		4B4A1D101E3067EA00E4EF3B /* Build configuration list for PBXNativeTarget "RxTableviewDemo" */ = {
			isa = XCConfigurationList;
			buildConfigurations = (
				4B4A1D111E3067EA00E4EF3B /* Debug */,
				4B4A1D121E3067EA00E4EF3B /* Release */,
			);
			defaultConfigurationIsVisible = 0;
			defaultConfigurationName = Release;
		};
/* End XCConfigurationList section */
	};
	rootObject = 4B4A1CF61E3067EA00E4EF3B /* Project object */;
}
